
Microsoft Visual Studio Solution File, Format Version 11.00
# Visual Studio 2010
Project("{FAE04EC0-301F-11D3-BF4B-00C04F79EFBC}") = "NSemVer", "NSemVer\NSemVer.csproj", "{E2216B55-E039-423B-AF84-578BAB854F79}"
EndProject
Project("{FAE04EC0-301F-11D3-BF4B-00C04F79EFBC}") = "NSemVer.Tests", "NSemVer.Tests\NSemVer.Tests.csproj", "{B4182307-B8E0-43CC-A552-37D90D8E2750}"
EndProject
Project("{F2A71F9B-5D33-465A-A702-920D77279786}") = "NSemVer.Core", "NSemVer.Core\NSemVer.Core.fsproj", "{7725CA86-E103-492F-BA4A-C525BB169F5E}"
EndProject
Global
	GlobalSection(SolutionConfigurationPlatforms) = preSolution
		Debug|Any CPU = Debug|Any CPU
		Release|Any CPU = Release|Any CPU
	EndGlobalSection
	GlobalSection(ProjectConfigurationPlatforms) = postSolution
		{E2216B55-E039-423B-AF84-578BAB854F79}.Debug|Any CPU.ActiveCfg = Debug|Any CPU
		{E2216B55-E039-423B-AF84-578BAB854F79}.Debug|Any CPU.Build.0 = Debug|Any CPU
		{E2216B55-E039-423B-AF84-578BAB854F79}.Release|Any CPU.ActiveCfg = Release|Any CPU
		{E2216B55-E039-423B-AF84-578BAB854F79}.Release|Any CPU.Build.0 = Release|Any CPU
		{B4182307-B8E0-43CC-A552-37D90D8E2750}.Debug|Any CPU.ActiveCfg = Debug|Any CPU
		{B4182307-B8E0-43CC-A552-37D90D8E2750}.Debug|Any CPU.Build.0 = Debug|Any CPU
		{B4182307-B8E0-43CC-A552-37D90D8E2750}.Release|Any CPU.ActiveCfg = Release|Any CPU
		{B4182307-B8E0-43CC-A552-37D90D8E2750}.Release|Any CPU.Build.0 = Release|Any CPU
		{7725CA86-E103-492F-BA4A-C525BB169F5E}.Debug|Any CPU.ActiveCfg = Debug|Any CPU
		{7725CA86-E103-492F-BA4A-C525BB169F5E}.Debug|Any CPU.Build.0 = Debug|Any CPU
		{7725CA86-E103-492F-BA4A-C525BB169F5E}.Release|Any CPU.ActiveCfg = Release|Any CPU
		{7725CA86-E103-492F-BA4A-C525BB169F5E}.Release|Any CPU.Build.0 = Release|Any CPU
	EndGlobalSection
	GlobalSection(SolutionProperties) = preSolution
		HideSolutionNode = FALSE
	EndGlobalSection
EndGlobal
